
Microsoft Visual Studio Solution File, Format Version 12.00
# Visual Studio Version 17
VisualStudioVersion = 17.1.32210.238
MinimumVisualStudioVersion = 10.0.40219.1
Project("{2150E333-8FDC-42A3-9474-1A3956D46DE8}") = "Creational", "Creational", "{9B576F38-61E4-4439-A2AD-57A37E1F2A2E}"
	ProjectSection(SolutionItems) = preProject
		Readme.md = Readme.md
	EndProjectSection
EndProject
Project("{2150E333-8FDC-42A3-9474-1A3956D46DE8}") = "Structural", "Structural", "{FA2876AB-6CE4-4FF5-B629-4D0C2840F7F1}"
	ProjectSection(SolutionItems) = preProject
		Readme.md = Readme.md
	EndProjectSection
EndProject
Project("{2150E333-8FDC-42A3-9474-1A3956D46DE8}") = "Behavioral", "Behavioral", "{94A27B06-1184-42E1-B7DF-8EFD720E1E08}"
EndProject
Project("{9A19103F-16F7-4668-BE54-9A1E7A4F7556}") = "AbstractFactory", "Creational\AbstractFactory\AbstractFactory.csproj", "{7EADAE55-CC19-401A-9C72-842BD644F25C}"
EndProject
Project("{9A19103F-16F7-4668-BE54-9A1E7A4F7556}") = "Builder", "Creational\Builder\Builder.csproj", "{E1F62BCD-F096-4D73-B762-C158BD684338}"
EndProject
Project("{9A19103F-16F7-4668-BE54-9A1E7A4F7556}") = "FactoryMethod", "Creational\FactoryMethod\FactoryMethod.csproj", "{2BDCAC87-268F-41DC-991A-82492F723B16}"
EndProject
Project("{9A19103F-16F7-4668-BE54-9A1E7A4F7556}") = "Prototype", "Creational\Prototype\Prototype.csproj", "{BB75D168-0D55-43A4-8A7B-1078B05CAC98}"
EndProject
Project("{9A19103F-16F7-4668-BE54-9A1E7A4F7556}") = "Singleton", "Creational\Singleton\Singleton.csproj", "{3A8072BF-B19E-4EAB-8AA8-797114859900}"
EndProject
Project("{9A19103F-16F7-4668-BE54-9A1E7A4F7556}") = "Adapter", "Structural\Adapter\Adapter.csproj", "{5A0A4005-4655-449E-9162-E57D8E6ED7DE}"
EndProject
Project("{9A19103F-16F7-4668-BE54-9A1E7A4F7556}") = "Bridge", "Structural\Bridge\Bridge.csproj", "{F06E0ABE-1A43-4F9F-A3D5-3D9D39642DFE}"
EndProject
Project("{FAE04EC0-301F-11D3-BF4B-00C04F79EFBC}") = "Composite", "Structural\Composite\Composite.csproj", "{75BD833C-B584-4EEE-9634-A18933850A93}"
EndProject
Project("{FAE04EC0-301F-11D3-BF4B-00C04F79EFBC}") = "Decorator", "Structural\Decorator\Decorator.csproj", "{CAE9EA71-9048-483D-833D-BA0E54A3BCA4}"
EndProject
Project("{FAE04EC0-301F-11D3-BF4B-00C04F79EFBC}") = "Facade", "Structural\Facade\Facade.csproj", "{1458208F-598F-4F24-86FB-8CEA58A91A2F}"
EndProject
Project("{FAE04EC0-301F-11D3-BF4B-00C04F79EFBC}") = "Proxy", "Structural\Proxy\Proxy.csproj", "{586B80C0-181D-407C-ADCE-953B349AD63B}"
EndProject
Project("{FAE04EC0-301F-11D3-BF4B-00C04F79EFBC}") = "Flyweight", "Structural\Flyweight\Flyweight.csproj", "{47063B4D-8854-4FF8-BFB6-AC1F0784A6AB}"
EndProject
Global
	GlobalSection(SolutionConfigurationPlatforms) = preSolution
		Debug|Any CPU = Debug|Any CPU
		Release|Any CPU = Release|Any CPU
	EndGlobalSection
	GlobalSection(ProjectConfigurationPlatforms) = postSolution
		{7EADAE55-CC19-401A-9C72-842BD644F25C}.Debug|Any CPU.ActiveCfg = Debug|Any CPU
		{7EADAE55-CC19-401A-9C72-842BD644F25C}.Debug|Any CPU.Build.0 = Debug|Any CPU
		{7EADAE55-CC19-401A-9C72-842BD644F25C}.Release|Any CPU.ActiveCfg = Release|Any CPU
		{7EADAE55-CC19-401A-9C72-842BD644F25C}.Release|Any CPU.Build.0 = Release|Any CPU
		{E1F62BCD-F096-4D73-B762-C158BD684338}.Debug|Any CPU.ActiveCfg = Debug|Any CPU
		{E1F62BCD-F096-4D73-B762-C158BD684338}.Debug|Any CPU.Build.0 = Debug|Any CPU
		{E1F62BCD-F096-4D73-B762-C158BD684338}.Release|Any CPU.ActiveCfg = Release|Any CPU
		{E1F62BCD-F096-4D73-B762-C158BD684338}.Release|Any CPU.Build.0 = Release|Any CPU
		{2BDCAC87-268F-41DC-991A-82492F723B16}.Debug|Any CPU.ActiveCfg = Debug|Any CPU
		{2BDCAC87-268F-41DC-991A-82492F723B16}.Debug|Any CPU.Build.0 = Debug|Any CPU
		{2BDCAC87-268F-41DC-991A-82492F723B16}.Release|Any CPU.ActiveCfg = Release|Any CPU
		{2BDCAC87-268F-41DC-991A-82492F723B16}.Release|Any CPU.Build.0 = Release|Any CPU
		{BB75D168-0D55-43A4-8A7B-1078B05CAC98}.Debug|Any CPU.ActiveCfg = Debug|Any CPU
		{BB75D168-0D55-43A4-8A7B-1078B05CAC98}.Debug|Any CPU.Build.0 = Debug|Any CPU
		{BB75D168-0D55-43A4-8A7B-1078B05CAC98}.Release|Any CPU.ActiveCfg = Release|Any CPU
		{BB75D168-0D55-43A4-8A7B-1078B05CAC98}.Release|Any CPU.Build.0 = Release|Any CPU
		{3A8072BF-B19E-4EAB-8AA8-797114859900}.Debug|Any CPU.ActiveCfg = Debug|Any CPU
		{3A8072BF-B19E-4EAB-8AA8-797114859900}.Debug|Any CPU.Build.0 = Debug|Any CPU
		{3A8072BF-B19E-4EAB-8AA8-797114859900}.Release|Any CPU.ActiveCfg = Release|Any CPU
		{3A8072BF-B19E-4EAB-8AA8-797114859900}.Release|Any CPU.Build.0 = Release|Any CPU
		{5A0A4005-4655-449E-9162-E57D8E6ED7DE}.Debug|Any CPU.ActiveCfg = Debug|Any CPU
		{5A0A4005-4655-449E-9162-E57D8E6ED7DE}.Debug|Any CPU.Build.0 = Debug|Any CPU
		{5A0A4005-4655-449E-9162-E57D8E6ED7DE}.Release|Any CPU.ActiveCfg = Release|Any CPU
		{5A0A4005-4655-449E-9162-E57D8E6ED7DE}.Release|Any CPU.Build.0 = Release|Any CPU
		{F06E0ABE-1A43-4F9F-A3D5-3D9D39642DFE}.Debug|Any CPU.ActiveCfg = Debug|Any CPU
		{F06E0ABE-1A43-4F9F-A3D5-3D9D39642DFE}.Debug|Any CPU.Build.0 = Debug|Any CPU
		{F06E0ABE-1A43-4F9F-A3D5-3D9D39642DFE}.Release|Any CPU.ActiveCfg = Release|Any CPU
		{F06E0ABE-1A43-4F9F-A3D5-3D9D39642DFE}.Release|Any CPU.Build.0 = Release|Any CPU
		{75BD833C-B584-4EEE-9634-A18933850A93}.Debug|Any CPU.ActiveCfg = Debug|Any CPU
		{75BD833C-B584-4EEE-9634-A18933850A93}.Debug|Any CPU.Build.0 = Debug|Any CPU
		{75BD833C-B584-4EEE-9634-A18933850A93}.Release|Any CPU.ActiveCfg = Release|Any CPU
		{75BD833C-B584-4EEE-9634-A18933850A93}.Release|Any CPU.Build.0 = Release|Any CPU
		{CAE9EA71-9048-483D-833D-BA0E54A3BCA4}.Debug|Any CPU.ActiveCfg = Debug|Any CPU
		{CAE9EA71-9048-483D-833D-BA0E54A3BCA4}.Debug|Any CPU.Build.0 = Debug|Any CPU
		{CAE9EA71-9048-483D-833D-BA0E54A3BCA4}.Release|Any CPU.ActiveCfg = Release|Any CPU
		{CAE9EA71-9048-483D-833D-BA0E54A3BCA4}.Release|Any CPU.Build.0 = Release|Any CPU
		{1458208F-598F-4F24-86FB-8CEA58A91A2F}.Debug|Any CPU.ActiveCfg = Debug|Any CPU
		{1458208F-598F-4F24-86FB-8CEA58A91A2F}.Debug|Any CPU.Build.0 = Debug|Any CPU
		{1458208F-598F-4F24-86FB-8CEA58A91A2F}.Release|Any CPU.ActiveCfg = Release|Any CPU
		{1458208F-598F-4F24-86FB-8CEA58A91A2F}.Release|Any CPU.Build.0 = Release|Any CPU
		{586B80C0-181D-407C-ADCE-953B349AD63B}.Debug|Any CPU.ActiveCfg = Debug|Any CPU
		{586B80C0-181D-407C-ADCE-953B349AD63B}.Debug|Any CPU.Build.0 = Debug|Any CPU
		{586B80C0-181D-407C-ADCE-953B349AD63B}.Release|Any CPU.ActiveCfg = Release|Any CPU
		{586B80C0-181D-407C-ADCE-953B349AD63B}.Release|Any CPU.Build.0 = Release|Any CPU
		{47063B4D-8854-4FF8-BFB6-AC1F0784A6AB}.Debug|Any CPU.ActiveCfg = Debug|Any CPU
		{47063B4D-8854-4FF8-BFB6-AC1F0784A6AB}.Debug|Any CPU.Build.0 = Debug|Any CPU
		{47063B4D-8854-4FF8-BFB6-AC1F0784A6AB}.Release|Any CPU.ActiveCfg = Release|Any CPU
		{47063B4D-8854-4FF8-BFB6-AC1F0784A6AB}.Release|Any CPU.Build.0 = Release|Any CPU
	EndGlobalSection
	GlobalSection(SolutionProperties) = preSolution
		HideSolutionNode = FALSE
	EndGlobalSection
	GlobalSection(NestedProjects) = preSolution
		{7EADAE55-CC19-401A-9C72-842BD644F25C} = {9B576F38-61E4-4439-A2AD-57A37E1F2A2E}
		{E1F62BCD-F096-4D73-B762-C158BD684338} = {9B576F38-61E4-4439-A2AD-57A37E1F2A2E}
		{2BDCAC87-268F-41DC-991A-82492F723B16} = {9B576F38-61E4-4439-A2AD-57A37E1F2A2E}
		{BB75D168-0D55-43A4-8A7B-1078B05CAC98} = {9B576F38-61E4-4439-A2AD-57A37E1F2A2E}
		{3A8072BF-B19E-4EAB-8AA8-797114859900} = {9B576F38-61E4-4439-A2AD-57A37E1F2A2E}
		{5A0A4005-4655-449E-9162-E57D8E6ED7DE} = {FA2876AB-6CE4-4FF5-B629-4D0C2840F7F1}
		{F06E0ABE-1A43-4F9F-A3D5-3D9D39642DFE} = {FA2876AB-6CE4-4FF5-B629-4D0C2840F7F1}
		{75BD833C-B584-4EEE-9634-A18933850A93} = {FA2876AB-6CE4-4FF5-B629-4D0C2840F7F1}
		{CAE9EA71-9048-483D-833D-BA0E54A3BCA4} = {FA2876AB-6CE4-4FF5-B629-4D0C2840F7F1}
		{1458208F-598F-4F24-86FB-8CEA58A91A2F} = {FA2876AB-6CE4-4FF5-B629-4D0C2840F7F1}
		{586B80C0-181D-407C-ADCE-953B349AD63B} = {FA2876AB-6CE4-4FF5-B629-4D0C2840F7F1}
		{47063B4D-8854-4FF8-BFB6-AC1F0784A6AB} = {FA2876AB-6CE4-4FF5-B629-4D0C2840F7F1}
	EndGlobalSection
	GlobalSection(ExtensibilityGlobals) = postSolution
		SolutionGuid = {4FF96486-D9D4-4EE4-AD1C-DEDEC20DF5E1}
	EndGlobalSection
EndGlobal
